
Microsoft Visual Studio Solution File, Format Version 12.00
# Visual Studio Version 17
VisualStudioVersion = 17.14.36518.9 d17.14
MinimumVisualStudioVersion = 10.0.40219.1
Project("{FAE04EC0-301F-11D3-BF4B-00C04F79EFBC}") = "AntivirusSimulator", "AntivirusSimulator\AntivirusSimulator.csproj", "{2C6BB76C-F5D5-4F4D-931E-4F2E8961E841}"
EndProject
Global
	GlobalSection(SolutionConfigurationPlatforms) = preSolution
		Debug|Any CPU = Debug|Any CPU
		Release|Any CPU = Release|Any CPU
	EndGlobalSection
	GlobalSection(ProjectConfigurationPlatforms) = postSolution
		{2C6BB76C-F5D5-4F4D-931E-4F2E8961E841}.Debug|Any CPU.ActiveCfg = Debug|Any CPU
		{2C6BB76C-F5D5-4F4D-931E-4F2E8961E841}.Debug|Any CPU.Build.0 = Debug|Any CPU
		{2C6BB76C-F5D5-4F4D-931E-4F2E8961E841}.Release|Any CPU.ActiveCfg = Release|Any CPU
		{2C6BB76C-F5D5-4F4D-931E-4F2E8961E841}.Release|Any CPU.Build.0 = Release|Any CPU
	EndGlobalSection
	GlobalSection(SolutionProperties) = preSolution
		HideSolutionNode = FALSE
	EndGlobalSection
	GlobalSection(ExtensibilityGlobals) = postSolution
		SolutionGuid = {30459559-19C3-4452-AFBD-2BFAA41D0508}
	EndGlobalSection
EndGlobal
